
Microsoft Visual Studio Solution File, Format Version 12.00
# Visual Studio 15
VisualStudioVersion = 15.0.27004.2009
MinimumVisualStudioVersion = 10.0.40219.1
Project("{FAE04EC0-301F-11D3-BF4B-00C04F79EFBC}") = "SampleApp.Web", "SampleApp.Web\SampleApp.Web.csproj", "{7D120EE7-754B-493D-B586-6EEADCD325B1}"
EndProject
Project("{FAE04EC0-301F-11D3-BF4B-00C04F79EFBC}") = "SampleApp.RegistrationService", "SampleApp.RegistrationService\SampleApp.RegistrationService.csproj", "{7CA10E05-4B92-49BB-9DC0-5521A1009899}"
EndProject
Project("{FAE04EC0-301F-11D3-BF4B-00C04F79EFBC}") = "SampleApp.NotificationService", "SampleApp.NotificationService\SampleApp.NotificationService.csproj", "{FE313D4A-2751-4CE9-87F3-3B30550C6EB4}"
EndProject
Project("{FAE04EC0-301F-11D3-BF4B-00C04F79EFBC}") = "SampleApp.Messaging", "SampleApp.Messaging\SampleApp.Messaging.csproj", "{DF046AA4-4E5F-4CCA-8434-0B0E638D5F11}"
EndProject
Global
	GlobalSection(SolutionConfigurationPlatforms) = preSolution
		Debug|Any CPU = Debug|Any CPU
		Release|Any CPU = Release|Any CPU
	EndGlobalSection
	GlobalSection(ProjectConfigurationPlatforms) = postSolution
		{7D120EE7-754B-493D-B586-6EEADCD325B1}.Debug|Any CPU.ActiveCfg = Debug|Any CPU
		{7D120EE7-754B-493D-B586-6EEADCD325B1}.Debug|Any CPU.Build.0 = Debug|Any CPU
		{7D120EE7-754B-493D-B586-6EEADCD325B1}.Release|Any CPU.ActiveCfg = Release|Any CPU
		{7D120EE7-754B-493D-B586-6EEADCD325B1}.Release|Any CPU.Build.0 = Release|Any CPU
		{7CA10E05-4B92-49BB-9DC0-5521A1009899}.Debug|Any CPU.ActiveCfg = Debug|Any CPU
		{7CA10E05-4B92-49BB-9DC0-5521A1009899}.Debug|Any CPU.Build.0 = Debug|Any CPU
		{7CA10E05-4B92-49BB-9DC0-5521A1009899}.Release|Any CPU.ActiveCfg = Release|Any CPU
		{7CA10E05-4B92-49BB-9DC0-5521A1009899}.Release|Any CPU.Build.0 = Release|Any CPU
		{FE313D4A-2751-4CE9-87F3-3B30550C6EB4}.Debug|Any CPU.ActiveCfg = Debug|Any CPU
		{FE313D4A-2751-4CE9-87F3-3B30550C6EB4}.Debug|Any CPU.Build.0 = Debug|Any CPU
		{FE313D4A-2751-4CE9-87F3-3B30550C6EB4}.Release|Any CPU.ActiveCfg = Release|Any CPU
		{FE313D4A-2751-4CE9-87F3-3B30550C6EB4}.Release|Any CPU.Build.0 = Release|Any CPU
		{DF046AA4-4E5F-4CCA-8434-0B0E638D5F11}.Debug|Any CPU.ActiveCfg = Debug|Any CPU
		{DF046AA4-4E5F-4CCA-8434-0B0E638D5F11}.Debug|Any CPU.Build.0 = Debug|Any CPU
		{DF046AA4-4E5F-4CCA-8434-0B0E638D5F11}.Release|Any CPU.ActiveCfg = Release|Any CPU
		{DF046AA4-4E5F-4CCA-8434-0B0E638D5F11}.Release|Any CPU.Build.0 = Release|Any CPU
	EndGlobalSection
	GlobalSection(SolutionProperties) = preSolution
		HideSolutionNode = FALSE
	EndGlobalSection
	GlobalSection(ExtensibilityGlobals) = postSolution
		SolutionGuid = {8F75BC27-7E57-45B7-B4EB-0A48BD6C8BD8}
	EndGlobalSection
EndGlobal
